{
  "requires": true,
  "lockfileVersion": 1,
  "dependencies": {
    "html5-qrcode": {
      "version": "2.2.3",
      "resolved": "https://registry.npmjs.org/html5-qrcode/-/html5-qrcode-2.2.3.tgz",
      "integrity": "sha512-9CtEz5FVT56T76entiQxyrASzBWl8Rm30NHiQH8T163Eml5LS14BoZlYel9igxbikOt7O8KhvrT3awN1Y2HMqw=="
    }
  }
}
